// !$*UTF8*$!
{
	archiveVersion = 1;
	classes = {
	};
	objectVersion = 46;
	objects = {

/* Begin PBXBuildFile section */
		4B782B241CE1DB0D00F3BCED /* main.m in Sources */ = {isa = PBXBuildFile; fileRef = 4B782B231CE1DB0D00F3BCED /* main.m */; };
		4B782B271CE1DB0D00F3BCED /* AppDelegate.m in Sources */ = {isa = PBXBuildFile; fileRef = 4B782B261CE1DB0D00F3BCED /* AppDelegate.m */; };
		4B782B2F1CE1DB0D00F3BCED /* Assets.xcassets in Resources */ = {isa = PBXBuildFile; fileRef = 4B782B2E1CE1DB0D00F3BCED /* Assets.xcassets */; };
		4B782B321CE1DB0D00F3BCED /* LaunchScreen.storyboard in Resources */ = {isa = PBXBuildFile; fileRef = 4B782B301CE1DB0D00F3BCED /* LaunchScreen.storyboard */; };
		4B782B3C1CE1DB3700F3BCED /* LSNightMode.m in Sources */ = {isa = PBXBuildFile; fileRef = 4B782B3B1CE1DB3700F3BCED /* LSNightMode.m */; };
		4B782B481CE201AB00F3BCED /* UIViewControllerBase.m in Sources */ = {isa = PBXBuildFile; fileRef = 4B782B471CE201AB00F3BCED /* UIViewControllerBase.m */; };
		4B782B4B1CE2020900F3BCED /* ViewController.m in Sources */ = {isa = PBXBuildFile; fileRef = 4B782B4A1CE2020900F3BCED /* ViewController.m */; };
		4B782B4E1CE2133900F3BCED /* ViewControllerB.m in Sources */ = {isa = PBXBuildFile; fileRef = 4B782B4D1CE2133900F3BCED /* ViewControllerB.m */; };
/* End PBXBuildFile section */

/* Begin PBXFileReference section */
		4B782B1F1CE1DB0D00F3BCED /* NightMode.app */ = {isa = PBXFileReference; explicitFileType = wrapper.application; includeInIndex = 0; path = NightMode.app; sourceTree = BUILT_PRODUCTS_DIR; };
		4B782B231CE1DB0D00F3BCED /* main.m */ = {isa = PBXFileReference; lastKnownFileType = sourcecode.c.objc; path = main.m; sourceTree = "<group>"; };
		4B782B251CE1DB0D00F3BCED /* AppDelegate.h */ = {isa = PBXFileReference; lastKnownFileType = sourcecode.c.h; path = AppDelegate.h; sourceTree = "<group>"; };
		4B782B261CE1DB0D00F3BCED /* AppDelegate.m */ = {isa = PBXFileReference; lastKnownFileType = sourcecode.c.objc; path = AppDelegate.m; sourceTree = "<group>"; };
		4B782B2E1CE1DB0D00F3BCED /* Assets.xcassets */ = {isa = PBXFileReference; lastKnownFileType = folder.assetcatalog; path = Assets.xcassets; sourceTree = "<group>"; };
		4B782B311CE1DB0D00F3BCED /* Base */ = {isa = PBXFileReference; lastKnownFileType = file.storyboard; name = Base; path = Base.lproj/LaunchScreen.storyboard; sourceTree = "<group>"; };
		4B782B331CE1DB0D00F3BCED /* Info.plist */ = {isa = PBXFileReference; lastKnownFileType = text.plist.xml; path = Info.plist; sourceTree = "<group>"; };
		4B782B3A1CE1DB3700F3BCED /* LSNightMode.h */ = {isa = PBXFileReference; fileEncoding = 4; lastKnownFileType = sourcecode.c.h; path = LSNightMode.h; sourceTree = "<group>"; };
		4B782B3B1CE1DB3700F3BCED /* LSNightMode.m */ = {isa = PBXFileReference; fileEncoding = 4; lastKnownFileType = sourcecode.c.objc; path = LSNightMode.m; sourceTree = "<group>"; };
		4B782B461CE201AB00F3BCED /* UIViewControllerBase.h */ = {isa = PBXFileReference; fileEncoding = 4; lastKnownFileType = sourcecode.c.h; path = UIViewControllerBase.h; sourceTree = "<group>"; };
		4B782B471CE201AB00F3BCED /* UIViewControllerBase.m */ = {isa = PBXFileReference; fileEncoding = 4; lastKnownFileType = sourcecode.c.objc; path = UIViewControllerBase.m; sourceTree = "<group>"; };
		4B782B491CE2020900F3BCED /* ViewController.h */ = {isa = PBXFileReference; fileEncoding = 4; lastKnownFileType = sourcecode.c.h; path = ViewController.h; sourceTree = "<group>"; };
		4B782B4A1CE2020900F3BCED /* ViewController.m */ = {isa = PBXFileReference; fileEncoding = 4; lastKnownFileType = sourcecode.c.objc; path = ViewController.m; sourceTree = "<group>"; };
		4B782B4C1CE2133900F3BCED /* ViewControllerB.h */ = {isa = PBXFileReference; fileEncoding = 4; lastKnownFileType = sourcecode.c.h; path = ViewControllerB.h; sourceTree = "<group>"; };
		4B782B4D1CE2133900F3BCED /* ViewControllerB.m */ = {isa = PBXFileReference; fileEncoding = 4; lastKnownFileType = sourcecode.c.objc; path = ViewControllerB.m; sourceTree = "<group>"; };
/* End PBXFileReference section */

/* Begin PBXFrameworksBuildPhase section */
		4B782B1C1CE1DB0D00F3BCED /* Frameworks */ = {
			isa = PBXFrameworksBuildPhase;
			buildActionMask = 2147483647;
			files = (
			);
			runOnlyForDeploymentPostprocessing = 0;
		};
/* End PBXFrameworksBuildPhase section */

/* Begin PBXGroup section */
		4B782B161CE1DB0D00F3BCED = {
			isa = PBXGroup;
			children = (
				4B782B211CE1DB0D00F3BCED /* NightMode */,
				4B782B201CE1DB0D00F3BCED /* Products */,
			);
			sourceTree = "<group>";
		};
		4B782B201CE1DB0D00F3BCED /* Products */ = {
			isa = PBXGroup;
			children = (
				4B782B1F1CE1DB0D00F3BCED /* NightMode.app */,
			);
			name = Products;
			sourceTree = "<group>";
		};
		4B782B211CE1DB0D00F3BCED /* NightMode */ = {
			isa = PBXGroup;
			children = (
				4B782B391CE1DB3700F3BCED /* LSNightMode */,
				4B782B4F1CE2C25D00F3BCED /* Base */,
				4B782B251CE1DB0D00F3BCED /* AppDelegate.h */,
				4B782B261CE1DB0D00F3BCED /* AppDelegate.m */,
				4B782B491CE2020900F3BCED /* ViewController.h */,
				4B782B4A1CE2020900F3BCED /* ViewController.m */,
				4B782B4C1CE2133900F3BCED /* ViewControllerB.h */,
				4B782B4D1CE2133900F3BCED /* ViewControllerB.m */,
				4B782B2E1CE1DB0D00F3BCED /* Assets.xcassets */,
				4B782B301CE1DB0D00F3BCED /* LaunchScreen.storyboard */,
				4B782B331CE1DB0D00F3BCED /* Info.plist */,
				4B782B221CE1DB0D00F3BCED /* Supporting Files */,
			);
			path = NightMode;
			sourceTree = "<group>";
		};
		4B782B221CE1DB0D00F3BCED /* Supporting Files */ = {
			isa = PBXGroup;
			children = (
				4B782B231CE1DB0D00F3BCED /* main.m */,
			);
			name = "Supporting Files";
			sourceTree = "<group>";
		};
		4B782B391CE1DB3700F3BCED /* LSNightMode */ = {
			isa = PBXGroup;
			children = (
				4B782B3A1CE1DB3700F3BCED /* LSNightMode.h */,
				4B782B3B1CE1DB3700F3BCED /* LSNightMode.m */,
			);
			path = LSNightMode;
			sourceTree = "<group>";
		};
		4B782B4F1CE2C25D00F3BCED /* Base */ = {
			isa = PBXGroup;
			children = (
				4B782B461CE201AB00F3BCED /* UIViewControllerBase.h */,
				4B782B471CE201AB00F3BCED /* UIViewControllerBase.m */,
			);
			name = Base;
			sourceTree = "<group>";
		};
/* End PBXGroup section */

/* Begin PBXNativeTarget section */
		4B782B1E1CE1DB0D00F3BCED /* NightMode */ = {
			isa = PBXNativeTarget;
			buildConfigurationList = 4B782B361CE1DB0D00F3BCED /* Build configuration list for PBXNativeTarget "NightMode" */;
			buildPhases = (
				4B782B1B1CE1DB0D00F3BCED /* Sources */,
				4B782B1C1CE1DB0D00F3BCED /* Frameworks */,
				4B782B1D1CE1DB0D00F3BCED /* Resources */,
			);
			buildRules = (
			);
			dependencies = (
			);
			name = NightMode;
			productName = NightMode;
			productReference = 4B782B1F1CE1DB0D00F3BCED /* NightMode.app */;
			productType = "com.apple.product-type.application";
		};
/* End PBXNativeTarget section */

/* Begin PBXProject section */
		4B782B171CE1DB0D00F3BCED /* Project object */ = {
			isa = PBXProject;
			attributes = {
				LastUpgradeCheck = 0730;
				ORGANIZATIONNAME = "liushuai1992@gmail.com";
				TargetAttributes = {
					4B782B1E1CE1DB0D00F3BCED = {
						CreatedOnToolsVersion = 7.3;
					};
				};
			};
			buildConfigurationList = 4B782B1A1CE1DB0D00F3BCED /* Build configuration list for PBXProject "NightMode" */;
			compatibilityVersion = "Xcode 3.2";
			developmentRegion = English;
			hasScannedForEncodings = 0;
			knownRegions = (
				en,
				Base,
			);
			mainGroup = 4B782B161CE1DB0D00F3BCED;
			productRefGroup = 4B782B201CE1DB0D00F3BCED /* Products */;
			projectDirPath = "";
			projectRoot = "";
			targets = (
				4B782B1E1CE1DB0D00F3BCED /* NightMode */,
			);
		};
/* End PBXProject section */

/* Begin PBXResourcesBuildPhase section */
		4B782B1D1CE1DB0D00F3BCED /* Resources */ = {
			isa = PBXResourcesBuildPhase;
			buildActionMask = 2147483647;
			files = (
				4B782B321CE1DB0D00F3BCED /* LaunchScreen.storyboard in Resources */,
				4B782B2F1CE1DB0D00F3BCED /* Assets.xcassets in Resources */,
			);
			runOnlyForDeploymentPostprocessing = 0;
		};
/* End PBXResourcesBuildPhase section */

/* Begin PBXSourcesBuildPhase section */
		4B782B1B1CE1DB0D00F3BCED /* Sources */ = {
			isa = PBXSourcesBuildPhase;
			buildActionMask = 2147483647;
			files = (
				4B782B271CE1DB0D00F3BCED /* AppDelegate.m in Sources */,
				4B782B481CE201AB00F3BCED /* UIViewControllerBase.m in Sources */,
				4B782B3C1CE1DB3700F3BCED /* LSNightMode.m in Sources */,
				4B782B241CE1DB0D00F3BCED /* main.m in Sources */,
				4B782B4B1CE2020900F3BCED /* ViewController.m in Sources */,
				4B782B4E1CE2133900F3BCED /* ViewControllerB.m in Sources */,
			);
			runOnlyForDeploymentPostprocessing = 0;
		};
/* End PBXSourcesBuildPhase section */

/* Begin PBXVariantGroup section */
		4B782B301CE1DB0D00F3BCED /* LaunchScreen.storyboard */ = {
			isa = PBXVariantGroup;
			children = (
				4B782B311CE1DB0D00F3BCED /* Base */,
			);
			name = LaunchScreen.storyboard;
			sourceTree = "<group>";
		};
/* End PBXVariantGroup section */

/* Begin XCBuildConfiguration section */
		4B782B341CE1DB0D00F3BCED /* Debug */ = {
			isa = XCBuildConfiguration;
			buildSettings = {
				ALWAYS_SEARCH_USER_PATHS = NO;
				CLANG_ANALYZER_NONNULL = YES;
				CLANG_CXX_LANGUAGE_STANDARD = "gnu++0x";
				CLANG_CXX_LIBRARY = "libc++";
				CLANG_ENABLE_MODULES = YES;
				CLANG_ENABLE_OBJC_ARC = YES;
				CLANG_WARN_BOOL_CONVERSION = YES;
				CLANG_WARN_CONSTANT_CONVERSION = YES;
				CLANG_WARN_DIRECT_OBJC_ISA_USAGE = YES_ERROR;
				CLANG_WARN_EMPTY_BODY = YES;
				CLANG_WARN_ENUM_CONVERSION = YES;
				CLANG_WARN_INT_CONVERSION = YES;
				CLANG_WARN_OBJC_ROOT_CLASS = YES_ERROR;
				CLANG_WARN_UNREACHABLE_CODE = YES;
				CLANG_WARN__DUPLICATE_METHOD_MATCH = YES;
				"CODE_SIGN_IDENTITY[sdk=iphoneos*]" = "iPhone Developer";
				COPY_PHASE_STRIP = NO;
				DEBUG_INFORMATION_FORMAT = dwarf;
				ENABLE_STRICT_OBJC_MSGSEND = YES;
				ENABLE_TESTABILITY = YES;
				GCC_C_LANGUAGE_STANDARD = gnu99;
				GCC_DYNAMIC_NO_PIC = NO;
				GCC_NO_COMMON_BLOCKS = YES;
				GCC_OPTIMIZATION_LEVEL = 0;
				GCC_PREPROCESSOR_DEFINITIONS = (
					"DEBUG=1",
					"$(inherited)",
				);
				GCC_WARN_64_TO_32_BIT_CONVERSION = YES;
				GCC_WARN_ABOUT_RETURN_TYPE = YES_ERROR;
				GCC_WARN_UNDECLARED_SELECTOR = YES;
				GCC_WARN_UNINITIALIZED_AUTOS = YES_AGGRESSIVE;
				GCC_WARN_UNUSED_FUNCTION = YES;
				GCC_WARN_UNUSED_VARIABLE = YES;
				IPHONEOS_DEPLOYMENT_TARGET = 9.3;
				MTL_ENABLE_DEBUG_INFO = YES;
				ONLY_ACTIVE_ARCH = YES;
				SDKROOT = iphoneos;
			};
			name = Debug;
		};
		4B782B351CE1DB0D00F3BCED /* Release */ = {
			isa = XCBuildConfiguration;
			buildSettings = {
				ALWAYS_SEARCH_USER_PATHS = NO;
				CLANG_ANALYZER_NONNULL = YES;
				CLANG_CXX_LANGUAGE_STANDARD = "gnu++0x";
				CLANG_CXX_LIBRARY = "libc++";
				CLANG_ENABLE_MODULES = YES;
				CLANG_ENABLE_OBJC_ARC = YES;
				CLANG_WARN_BOOL_CONVERSION = YES;
				CLANG_WARN_CONSTANT_CONVERSION = YES;
				CLANG_WARN_DIRECT_OBJC_ISA_USAGE = YES_ERROR;
				CLANG_WARN_EMPTY_BODY = YES;
				CLANG_WARN_ENUM_CONVERSION = YES;
				CLANG_WARN_INT_CONVERSION = YES;
				CLANG_WARN_OBJC_ROOT_CLASS = YES_ERROR;
				CLANG_WARN_UNREACHABLE_CODE = YES;
				CLANG_WARN__DUPLICATE_METHOD_MATCH = YES;
				"CODE_SIGN_IDENTITY[sdk=iphoneos*]" = "iPhone Developer";
				COPY_PHASE_STRIP = NO;
				DEBUG_INFORMATION_FORMAT = "dwarf-with-dsym";
				ENABLE_NS_ASSERTIONS = NO;
				ENABLE_STRICT_OBJC_MSGSEND = YES;
				GCC_C_LANGUAGE_STANDARD = gnu99;
				GCC_NO_COMMON_BLOCKS = YES;
				GCC_WARN_64_TO_32_BIT_CONVERSION = YES;
				GCC_WARN_ABOUT_RETURN_TYPE = YES_ERROR;
				GCC_WARN_UNDECLARED_SELECTOR = YES;
				GCC_WARN_UNINITIALIZED_AUTOS = YES_AGGRESSIVE;
				GCC_WARN_UNUSED_FUNCTION = YES;
				GCC_WARN_UNUSED_VARIABLE = YES;
				IPHONEOS_DEPLOYMENT_TARGET = 9.3;
				MTL_ENABLE_DEBUG_INFO = NO;
				SDKROOT = iphoneos;
				VALIDATE_PRODUCT = YES;
			};
			name = Release;
		};
		4B782B371CE1DB0D00F3BCED /* Debug */ = {
			isa = XCBuildConfiguration;
			buildSettings = {
				ASSETCATALOG_COMPILER_APPICON_NAME = AppIcon;
				INFOPLIST_FILE = NightMode/Info.plist;
				LD_RUNPATH_SEARCH_PATHS = "$(inherited) @executable_path/Frameworks";
				PRODUCT_BUNDLE_IDENTIFIER = com.liushuai1992.NightMode;
				PRODUCT_NAME = "$(TARGET_NAME)";
			};
			name = Debug;
		};
		4B782B381CE1DB0D00F3BCED /* Release */ = {
			isa = XCBuildConfiguration;
			buildSettings = {
				ASSETCATALOG_COMPILER_APPICON_NAME = AppIcon;
				INFOPLIST_FILE = NightMode/Info.plist;
				LD_RUNPATH_SEARCH_PATHS = "$(inherited) @executable_path/Frameworks";
				PRODUCT_BUNDLE_IDENTIFIER = com.liushuai1992.NightMode;
				PRODUCT_NAME = "$(TARGET_NAME)";
			};
			name = Release;
		};
/* End XCBuildConfiguration section */

/* Begin XCConfigurationList section */
		4B782B1A1CE1DB0D00F3BCED /* Build configuration list for PBXProject "NightMode" */ = {
			isa = XCConfigurationList;
			buildConfigurations = (
				4B782B341CE1DB0D00F3BCED /* Debug */,
				4B782B351CE1DB0D00F3BCED /* Release */,
			);
			defaultConfigurationIsVisible = 0;
			defaultConfigurationName = Release;
		};
		4B782B361CE1DB0D00F3BCED /* Build configuration list for PBXNativeTarget "NightMode" */ = {
			isa = XCConfigurationList;
			buildConfigurations = (
				4B782B371CE1DB0D00F3BCED /* Debug */,
				4B782B381CE1DB0D00F3BCED /* Release */,
			);
			defaultConfigurationIsVisible = 0;
		};
/* End XCConfigurationList section */
	};
	rootObject = 4B782B171CE1DB0D00F3BCED /* Project object */;
}
